
Microsoft Visual Studio Solution File, Format Version 12.00
# Visual Studio Version 17
VisualStudioVersion = 17.7.34024.191
MinimumVisualStudioVersion = 10.0.40219.1
Project("{FAE04EC0-301F-11D3-BF4B-00C04F79EFBC}") = "AdmissionsCommissionOnline", "AdmissionsCommissionOnline\AdmissionsCommissionOnline.csproj", "{6CEB63B8-8887-42EF-A4D6-85A6CC28CA40}"
EndProject
Global
	GlobalSection(SolutionConfigurationPlatforms) = preSolution
		Debug|Any CPU = Debug|Any CPU
		Release|Any CPU = Release|Any CPU
	EndGlobalSection
	GlobalSection(ProjectConfigurationPlatforms) = postSolution
		{6CEB63B8-8887-42EF-A4D6-85A6CC28CA40}.Debug|Any CPU.ActiveCfg = Debug|Any CPU
		{6CEB63B8-8887-42EF-A4D6-85A6CC28CA40}.Debug|Any CPU.Build.0 = Debug|Any CPU
		{6CEB63B8-8887-42EF-A4D6-85A6CC28CA40}.Release|Any CPU.ActiveCfg = Release|Any CPU
		{6CEB63B8-8887-42EF-A4D6-85A6CC28CA40}.Release|Any CPU.Build.0 = Release|Any CPU
	EndGlobalSection
	GlobalSection(SolutionProperties) = preSolution
		HideSolutionNode = FALSE
	EndGlobalSection
	GlobalSection(ExtensibilityGlobals) = postSolution
		SolutionGuid = {ACC02ED8-2D96-407F-B0B2-4AC20BF29820}
	EndGlobalSection
EndGlobal
